Microsoft Visual Studio Solution File, Format Version 12.00
# Visual Studio 15
VisualStudioVersion = 15.0.26124.0
MinimumVisualStudioVersion = 15.0.26124.0
Project("{F2A71F9B-5D33-465A-A702-920D77279786}") = "Cedict", "Cedict\Cedict.fsproj", "{28D12C5B-7EDB-412E-89AA-43CE24FCDA7D}"
EndProject
Project("{F2A71F9B-5D33-465A-A702-920D77279786}") = "Cedict.Tests", "Cedict.Tests\Cedict.Tests.fsproj", "{C8B0F368-63B4-475D-987E-5D13BD1FC518}"
EndProject
Global
	GlobalSection(SolutionConfigurationPlatforms) = preSolution
		Debug|Any CPU = Debug|Any CPU
		Debug|x64 = Debug|x64
		Debug|x86 = Debug|x86
		Release|Any CPU = Release|Any CPU
		Release|x64 = Release|x64
		Release|x86 = Release|x86
	EndGlobalSection
	GlobalSection(SolutionProperties) = preSolution
		HideSolutionNode = FALSE
	EndGlobalSection
	GlobalSection(ProjectConfigurationPlatforms) = postSolution
		{28D12C5B-7EDB-412E-89AA-43CE24FCDA7D}.Debug|Any CPU.ActiveCfg = Debug|Any CPU
		{28D12C5B-7EDB-412E-89AA-43CE24FCDA7D}.Debug|Any CPU.Build.0 = Debug|Any CPU
		{28D12C5B-7EDB-412E-89AA-43CE24FCDA7D}.Debug|x64.ActiveCfg = Debug|x64
		{28D12C5B-7EDB-412E-89AA-43CE24FCDA7D}.Debug|x64.Build.0 = Debug|x64
		{28D12C5B-7EDB-412E-89AA-43CE24FCDA7D}.Debug|x86.ActiveCfg = Debug|x86
		{28D12C5B-7EDB-412E-89AA-43CE24FCDA7D}.Debug|x86.Build.0 = Debug|x86
		{28D12C5B-7EDB-412E-89AA-43CE24FCDA7D}.Release|Any CPU.ActiveCfg = Release|Any CPU
		{28D12C5B-7EDB-412E-89AA-43CE24FCDA7D}.Release|Any CPU.Build.0 = Release|Any CPU
		{28D12C5B-7EDB-412E-89AA-43CE24FCDA7D}.Release|x64.ActiveCfg = Release|x64
		{28D12C5B-7EDB-412E-89AA-43CE24FCDA7D}.Release|x64.Build.0 = Release|x64
		{28D12C5B-7EDB-412E-89AA-43CE24FCDA7D}.Release|x86.ActiveCfg = Release|x86
		{28D12C5B-7EDB-412E-89AA-43CE24FCDA7D}.Release|x86.Build.0 = Release|x86
		{C8B0F368-63B4-475D-987E-5D13BD1FC518}.Debug|Any CPU.ActiveCfg = Debug|Any CPU
		{C8B0F368-63B4-475D-987E-5D13BD1FC518}.Debug|Any CPU.Build.0 = Debug|Any CPU
		{C8B0F368-63B4-475D-987E-5D13BD1FC518}.Debug|x64.ActiveCfg = Debug|x64
		{C8B0F368-63B4-475D-987E-5D13BD1FC518}.Debug|x64.Build.0 = Debug|x64
		{C8B0F368-63B4-475D-987E-5D13BD1FC518}.Debug|x86.ActiveCfg = Debug|x86
		{C8B0F368-63B4-475D-987E-5D13BD1FC518}.Debug|x86.Build.0 = Debug|x86
		{C8B0F368-63B4-475D-987E-5D13BD1FC518}.Release|Any CPU.ActiveCfg = Release|Any CPU
		{C8B0F368-63B4-475D-987E-5D13BD1FC518}.Release|Any CPU.Build.0 = Release|Any CPU
		{C8B0F368-63B4-475D-987E-5D13BD1FC518}.Release|x64.ActiveCfg = Release|x64
		{C8B0F368-63B4-475D-987E-5D13BD1FC518}.Release|x64.Build.0 = Release|x64
		{C8B0F368-63B4-475D-987E-5D13BD1FC518}.Release|x86.ActiveCfg = Release|x86
		{C8B0F368-63B4-475D-987E-5D13BD1FC518}.Release|x86.Build.0 = Release|x86
	EndGlobalSection
EndGlobal
